// !$*UTF8*$!
{
	archiveVersion = 1;
	classes = {
	};
	objectVersion = 46;
	objects = {

/* Begin PBXBuildFile section */
		19022B001CFC00CC0064EA1D /* DetailViewController.swift in Sources */ = {isa = PBXBuildFile; fileRef = 19022AFF1CFC00CC0064EA1D /* DetailViewController.swift */; };
		196810DE1CF7D54D001F1804 /* TodoModel.swift in Sources */ = {isa = PBXBuildFile; fileRef = 196810DD1CF7D54D001F1804 /* TodoModel.swift */; };
		197E67BB1CF7CB6300F5475C /* AppDelegate.swift in Sources */ = {isa = PBXBuildFile; fileRef = 197E67BA1CF7CB6300F5475C /* AppDelegate.swift */; };
		197E67BD1CF7CB6300F5475C /* ViewController.swift in Sources */ = {isa = PBXBuildFile; fileRef = 197E67BC1CF7CB6300F5475C /* ViewController.swift */; };
		197E67C01CF7CB6300F5475C /* Main.storyboard in Resources */ = {isa = PBXBuildFile; fileRef = 197E67BE1CF7CB6300F5475C /* Main.storyboard */; };
		197E67C21CF7CB6300F5475C /* Assets.xcassets in Resources */ = {isa = PBXBuildFile; fileRef = 197E67C11CF7CB6300F5475C /* Assets.xcassets */; };
		197E67C51CF7CB6300F5475C /* LaunchScreen.storyboard in Resources */ = {isa = PBXBuildFile; fileRef = 197E67C31CF7CB6300F5475C /* LaunchScreen.storyboard */; };
/* End PBXBuildFile section */

/* Begin PBXFileReference section */
		19022AFF1CFC00CC0064EA1D /* DetailViewController.swift */ = {isa = PBXFileReference; fileEncoding = 4; lastKnownFileType = sourcecode.swift; path = DetailViewController.swift; sourceTree = "<group>"; };
		196810DD1CF7D54D001F1804 /* TodoModel.swift */ = {isa = PBXFileReference; fileEncoding = 4; lastKnownFileType = sourcecode.swift; path = TodoModel.swift; sourceTree = "<group>"; };
		197E67B71CF7CB6300F5475C /* ios02.app */ = {isa = PBXFileReference; explicitFileType = wrapper.application; includeInIndex = 0; path = ios02.app; sourceTree = BUILT_PRODUCTS_DIR; };
		197E67BA1CF7CB6300F5475C /* AppDelegate.swift */ = {isa = PBXFileReference; lastKnownFileType = sourcecode.swift; path = AppDelegate.swift; sourceTree = "<group>"; };
		197E67BC1CF7CB6300F5475C /* ViewController.swift */ = {isa = PBXFileReference; lastKnownFileType = sourcecode.swift; path = ViewController.swift; sourceTree = "<group>"; };
		197E67BF1CF7CB6300F5475C /* Base */ = {isa = PBXFileReference; lastKnownFileType = file.storyboard; name = Base; path = Base.lproj/Main.storyboard; sourceTree = "<group>"; };
		197E67C11CF7CB6300F5475C /* Assets.xcassets */ = {isa = PBXFileReference; lastKnownFileType = folder.assetcatalog; path = Assets.xcassets; sourceTree = "<group>"; };
		197E67C41CF7CB6300F5475C /* Base */ = {isa = PBXFileReference; lastKnownFileType = file.storyboard; name = Base; path = Base.lproj/LaunchScreen.storyboard; sourceTree = "<group>"; };
		197E67C61CF7CB6300F5475C /* Info.plist */ = {isa = PBXFileReference; lastKnownFileType = text.plist.xml; path = Info.plist; sourceTree = "<group>"; };
/* End PBXFileReference section */

/* Begin PBXFrameworksBuildPhase section */
		197E67B41CF7CB6200F5475C /* Frameworks */ = {
			isa = PBXFrameworksBuildPhase;
			buildActionMask = 2147483647;
			files = (
			);
			runOnlyForDeploymentPostprocessing = 0;
		};
/* End PBXFrameworksBuildPhase section */

/* Begin PBXGroup section */
		197E67AE1CF7CB6200F5475C = {
			isa = PBXGroup;
			children = (
				197E67B91CF7CB6300F5475C /* ios02 */,
				197E67B81CF7CB6300F5475C /* Products */,
			);
			sourceTree = "<group>";
		};
		197E67B81CF7CB6300F5475C /* Products */ = {
			isa = PBXGroup;
			children = (
				197E67B71CF7CB6300F5475C /* ios02.app */,
			);
			name = Products;
			sourceTree = "<group>";
		};
		197E67B91CF7CB6300F5475C /* ios02 */ = {
			isa = PBXGroup;
			children = (
				197E67BA1CF7CB6300F5475C /* AppDelegate.swift */,
				197E67BC1CF7CB6300F5475C /* ViewController.swift */,
				197E67BE1CF7CB6300F5475C /* Main.storyboard */,
				197E67C11CF7CB6300F5475C /* Assets.xcassets */,
				197E67C31CF7CB6300F5475C /* LaunchScreen.storyboard */,
				197E67C61CF7CB6300F5475C /* Info.plist */,
				196810DD1CF7D54D001F1804 /* TodoModel.swift */,
				19022AFF1CFC00CC0064EA1D /* DetailViewController.swift */,
			);
			path = ios02;
			sourceTree = "<group>";
		};
/* End PBXGroup section */

/* Begin PBXNativeTarget section */
		197E67B61CF7CB6200F5475C /* ios02 */ = {
			isa = PBXNativeTarget;
			buildConfigurationList = 197E67C91CF7CB6300F5475C /* Build configuration list for PBXNativeTarget "ios02" */;
			buildPhases = (
				197E67B31CF7CB6200F5475C /* Sources */,
				197E67B41CF7CB6200F5475C /* Frameworks */,
				197E67B51CF7CB6200F5475C /* Resources */,
			);
			buildRules = (
			);
			dependencies = (
			);
			name = ios02;
			productName = ios02;
			productReference = 197E67B71CF7CB6300F5475C /* ios02.app */;
			productType = "com.apple.product-type.application";
		};
/* End PBXNativeTarget section */

/* Begin PBXProject section */
		197E67AF1CF7CB6200F5475C /* Project object */ = {
			isa = PBXProject;
			attributes = {
				LastSwiftUpdateCheck = 0730;
				LastUpgradeCheck = 0730;
				ORGANIZATIONNAME = yuecaili;
				TargetAttributes = {
					197E67B61CF7CB6200F5475C = {
						CreatedOnToolsVersion = 7.3.1;
					};
				};
			};
			buildConfigurationList = 197E67B21CF7CB6200F5475C /* Build configuration list for PBXProject "ios02" */;
			compatibilityVersion = "Xcode 3.2";
			developmentRegion = English;
			hasScannedForEncodings = 0;
			knownRegions = (
				en,
				Base,
			);
			mainGroup = 197E67AE1CF7CB6200F5475C;
			productRefGroup = 197E67B81CF7CB6300F5475C /* Products */;
			projectDirPath = "";
			projectRoot = "";
			targets = (
				197E67B61CF7CB6200F5475C /* ios02 */,
			);
		};
/* End PBXProject section */

/* Begin PBXResourcesBuildPhase section */
		197E67B51CF7CB6200F5475C /* Resources */ = {
			isa = PBXResourcesBuildPhase;
			buildActionMask = 2147483647;
			files = (
				197E67C51CF7CB6300F5475C /* LaunchScreen.storyboard in Resources */,
				197E67C21CF7CB6300F5475C /* Assets.xcassets in Resources */,
				197E67C01CF7CB6300F5475C /* Main.storyboard in Resources */,
			);
			runOnlyForDeploymentPostprocessing = 0;
		};
/* End PBXResourcesBuildPhase section */

/* Begin PBXSourcesBuildPhase section */
		197E67B31CF7CB6200F5475C /* Sources */ = {
			isa = PBXSourcesBuildPhase;
			buildActionMask = 2147483647;
			files = (
				196810DE1CF7D54D001F1804 /* TodoModel.swift in Sources */,
				197E67BD1CF7CB6300F5475C /* ViewController.swift in Sources */,
				197E67BB1CF7CB6300F5475C /* AppDelegate.swift in Sources */,
				19022B001CFC00CC0064EA1D /* DetailViewController.swift in Sources */,
			);
			runOnlyForDeploymentPostprocessing = 0;
		};
/* End PBXSourcesBuildPhase section */

/* Begin PBXVariantGroup section */
		197E67BE1CF7CB6300F5475C /* Main.storyboard */ = {
			isa = PBXVariantGroup;
			children = (
				197E67BF1CF7CB6300F5475C /* Base */,
			);
			name = Main.storyboard;
			sourceTree = "<group>";
		};
		197E67C31CF7CB6300F5475C /* LaunchScreen.storyboard */ = {
			isa = PBXVariantGroup;
			children = (
				197E67C41CF7CB6300F5475C /* Base */,
			);
			name = LaunchScreen.storyboard;
			sourceTree = "<group>";
		};
/* End PBXVariantGroup section */

/* Begin XCBuildConfiguration section */
		197E67C71CF7CB6300F5475C /* Debug */ = {
			isa = XCBuildConfiguration;
			buildSettings = {
				ALWAYS_SEARCH_USER_PATHS = NO;
				CLANG_ANALYZER_NONNULL = YES;
				CLANG_CXX_LANGUAGE_STANDARD = "gnu++0x";
				CLANG_CXX_LIBRARY = "libc++";
				CLANG_ENABLE_MODULES = YES;
				CLANG_ENABLE_OBJC_ARC = YES;
				CLANG_WARN_BOOL_CONVERSION = YES;
				CLANG_WARN_CONSTANT_CONVERSION = YES;
				CLANG_WARN_DIRECT_OBJC_ISA_USAGE = YES_ERROR;
				CLANG_WARN_EMPTY_BODY = YES;
				CLANG_WARN_ENUM_CONVERSION = YES;
				CLANG_WARN_INT_CONVERSION = YES;
				CLANG_WARN_OBJC_ROOT_CLASS = YES_ERROR;
				CLANG_WARN_UNREACHABLE_CODE = YES;
				CLANG_WARN__DUPLICATE_METHOD_MATCH = YES;
				"CODE_SIGN_IDENTITY[sdk=iphoneos*]" = "iPhone Developer";
				COPY_PHASE_STRIP = NO;
				DEBUG_INFORMATION_FORMAT = dwarf;
				ENABLE_STRICT_OBJC_MSGSEND = YES;
				ENABLE_TESTABILITY = YES;
				GCC_C_LANGUAGE_STANDARD = gnu99;
				GCC_DYNAMIC_NO_PIC = NO;
				GCC_NO_COMMON_BLOCKS = YES;
				GCC_OPTIMIZATION_LEVEL = 0;
				GCC_PREPROCESSOR_DEFINITIONS = (
					"DEBUG=1",
					"$(inherited)",
				);
				GCC_WARN_64_TO_32_BIT_CONVERSION = YES;
				GCC_WARN_ABOUT_RETURN_TYPE = YES_ERROR;
				GCC_WARN_UNDECLARED_SELECTOR = YES;
				GCC_WARN_UNINITIALIZED_AUTOS = YES_AGGRESSIVE;
				GCC_WARN_UNUSED_FUNCTION = YES;
				GCC_WARN_UNUSED_VARIABLE = YES;
				IPHONEOS_DEPLOYMENT_TARGET = 9.3;
				MTL_ENABLE_DEBUG_INFO = YES;
				ONLY_ACTIVE_ARCH = YES;
				SDKROOT = iphoneos;
				SWIFT_OPTIMIZATION_LEVEL = "-Onone";
			};
			name = Debug;
		};
		197E67C81CF7CB6300F5475C /* Release */ = {
			isa = XCBuildConfiguration;
			buildSettings = {
				ALWAYS_SEARCH_USER_PATHS = NO;
				CLANG_ANALYZER_NONNULL = YES;
				CLANG_CXX_LANGUAGE_STANDARD = "gnu++0x";
				CLANG_CXX_LIBRARY = "libc++";
				CLANG_ENABLE_MODULES = YES;
				CLANG_ENABLE_OBJC_ARC = YES;
				CLANG_WARN_BOOL_CONVERSION = YES;
				CLANG_WARN_CONSTANT_CONVERSION = YES;
				CLANG_WARN_DIRECT_OBJC_ISA_USAGE = YES_ERROR;
				CLANG_WARN_EMPTY_BODY = YES;
				CLANG_WARN_ENUM_CONVERSION = YES;
				CLANG_WARN_INT_CONVERSION = YES;
				CLANG_WARN_OBJC_ROOT_CLASS = YES_ERROR;
				CLANG_WARN_UNREACHABLE_CODE = YES;
				CLANG_WARN__DUPLICATE_METHOD_MATCH = YES;
				"CODE_SIGN_IDENTITY[sdk=iphoneos*]" = "iPhone Developer";
				COPY_PHASE_STRIP = NO;
				DEBUG_INFORMATION_FORMAT = "dwarf-with-dsym";
				ENABLE_NS_ASSERTIONS = NO;
				ENABLE_STRICT_OBJC_MSGSEND = YES;
				GCC_C_LANGUAGE_STANDARD = gnu99;
				GCC_NO_COMMON_BLOCKS = YES;
				GCC_WARN_64_TO_32_BIT_CONVERSION = YES;
				GCC_WARN_ABOUT_RETURN_TYPE = YES_ERROR;
				GCC_WARN_UNDECLARED_SELECTOR = YES;
				GCC_WARN_UNINITIALIZED_AUTOS = YES_AGGRESSIVE;
				GCC_WARN_UNUSED_FUNCTION = YES;
				GCC_WARN_UNUSED_VARIABLE = YES;
				IPHONEOS_DEPLOYMENT_TARGET = 9.3;
				MTL_ENABLE_DEBUG_INFO = NO;
				SDKROOT = iphoneos;
				VALIDATE_PRODUCT = YES;
			};
			name = Release;
		};
		197E67CA1CF7CB6300F5475C /* Debug */ = {
			isa = XCBuildConfiguration;
			buildSettings = {
				ASSETCATALOG_COMPILER_APPICON_NAME = AppIcon;
				INFOPLIST_FILE = ios02/Info.plist;
				IPHONEOS_DEPLOYMENT_TARGET = 8.2;
				LD_RUNPATH_SEARCH_PATHS = "$(inherited) @executable_path/Frameworks";
				PRODUCT_BUNDLE_IDENTIFIER = com.nndou.yuecl.ios02;
				PRODUCT_NAME = "$(TARGET_NAME)";
			};
			name = Debug;
		};
		197E67CB1CF7CB6300F5475C /* Release */ = {
			isa = XCBuildConfiguration;
			buildSettings = {
				ASSETCATALOG_COMPILER_APPICON_NAME = AppIcon;
				INFOPLIST_FILE = ios02/Info.plist;
				IPHONEOS_DEPLOYMENT_TARGET = 8.2;
				LD_RUNPATH_SEARCH_PATHS = "$(inherited) @executable_path/Frameworks";
				PRODUCT_BUNDLE_IDENTIFIER = com.nndou.yuecl.ios02;
				PRODUCT_NAME = "$(TARGET_NAME)";
			};
			name = Release;
		};
/* End XCBuildConfiguration section */

/* Begin XCConfigurationList section */
		197E67B21CF7CB6200F5475C /* Build configuration list for PBXProject "ios02" */ = {
			isa = XCConfigurationList;
			buildConfigurations = (
				197E67C71CF7CB6300F5475C /* Debug */,
				197E67C81CF7CB6300F5475C /* Release */,
			);
			defaultConfigurationIsVisible = 0;
			defaultConfigurationName = Release;
		};
		197E67C91CF7CB6300F5475C /* Build configuration list for PBXNativeTarget "ios02" */ = {
			isa = XCConfigurationList;
			buildConfigurations = (
				197E67CA1CF7CB6300F5475C /* Debug */,
				197E67CB1CF7CB6300F5475C /* Release */,
			);
			defaultConfigurationIsVisible = 0;
			defaultConfigurationName = Release;
		};
/* End XCConfigurationList section */
	};
	rootObject = 197E67AF1CF7CB6200F5475C /* Project object */;
}
